
Microsoft Visual Studio Solution File, Format Version 12.00
# Visual Studio Version 16
VisualStudioVersion = 16.0.30804.86
MinimumVisualStudioVersion = 10.0.40219.1
Project("{9A19103F-16F7-4668-BE54-9A1E7A4F7556}") = "FT_ReportAuth", "FT_ReportAuth\FT_ReportAuth.csproj", "{90F52AF6-F7B4-4C5B-B9A3-F293EF3BC8A8}"
EndProject
Project("{9A19103F-16F7-4668-BE54-9A1E7A4F7556}") = "FT_SpReport.CoreBusiness", "FT_SpReport.CoreBusiness\FT_SpReport.CoreBusiness.csproj", "{08498BD7-8F7B-49EC-8178-E6A37227E222}"
EndProject
Global
	GlobalSection(SolutionConfigurationPlatforms) = preSolution
		Debug|Any CPU = Debug|Any CPU
		Release|Any CPU = Release|Any CPU
	EndGlobalSection
	GlobalSection(ProjectConfigurationPlatforms) = postSolution
		{90F52AF6-F7B4-4C5B-B9A3-F293EF3BC8A8}.Debug|Any CPU.ActiveCfg = Debug|Any CPU
		{90F52AF6-F7B4-4C5B-B9A3-F293EF3BC8A8}.Debug|Any CPU.Build.0 = Debug|Any CPU
		{90F52AF6-F7B4-4C5B-B9A3-F293EF3BC8A8}.Release|Any CPU.ActiveCfg = Release|Any CPU
		{90F52AF6-F7B4-4C5B-B9A3-F293EF3BC8A8}.Release|Any CPU.Build.0 = Release|Any CPU
		{08498BD7-8F7B-49EC-8178-E6A37227E222}.Debug|Any CPU.ActiveCfg = Debug|Any CPU
		{08498BD7-8F7B-49EC-8178-E6A37227E222}.Debug|Any CPU.Build.0 = Debug|Any CPU
		{08498BD7-8F7B-49EC-8178-E6A37227E222}.Release|Any CPU.ActiveCfg = Release|Any CPU
		{08498BD7-8F7B-49EC-8178-E6A37227E222}.Release|Any CPU.Build.0 = Release|Any CPU
	EndGlobalSection
	GlobalSection(SolutionProperties) = preSolution
		HideSolutionNode = FALSE
	EndGlobalSection
	GlobalSection(ExtensibilityGlobals) = postSolution
		SolutionGuid = {826FBC5A-73DF-4A56-8B44-D62AC7607F77}
	EndGlobalSection
EndGlobal
